
Microsoft Visual Studio Solution File, Format Version 12.00
# Visual Studio 15
VisualStudioVersion = 15.0.28010.2003
MinimumVisualStudioVersion = 10.0.40219.1
Project("{FAE04EC0-301F-11D3-BF4B-00C04F79EFBC}") = "WindowsServerMonitor", "WindowsServerMonitor\WindowsServerMonitor.csproj", "{7C2826FE-7D3C-49D7-B15F-031D1031C745}"
EndProject
Project("{FAE04EC0-301F-11D3-BF4B-00C04F79EFBC}") = "BPUtil", "..\BPUtil\BPUtil\BPUtil.csproj", "{A4981D8D-DEBF-4B34-B9CE-FF25520A02B7}"
EndProject
Global
	GlobalSection(SolutionConfigurationPlatforms) = preSolution
		Debug|Any CPU = Debug|Any CPU
		Release|Any CPU = Release|Any CPU
	EndGlobalSection
	GlobalSection(ProjectConfigurationPlatforms) = postSolution
		{7C2826FE-7D3C-49D7-B15F-031D1031C745}.Debug|Any CPU.ActiveCfg = Debug|Any CPU
		{7C2826FE-7D3C-49D7-B15F-031D1031C745}.Debug|Any CPU.Build.0 = Debug|Any CPU
		{7C2826FE-7D3C-49D7-B15F-031D1031C745}.Release|Any CPU.ActiveCfg = Release|Any CPU
		{7C2826FE-7D3C-49D7-B15F-031D1031C745}.Release|Any CPU.Build.0 = Release|Any CPU
		{A4981D8D-DEBF-4B34-B9CE-FF25520A02B7}.Debug|Any CPU.ActiveCfg = Debug|Any CPU
		{A4981D8D-DEBF-4B34-B9CE-FF25520A02B7}.Debug|Any CPU.Build.0 = Debug|Any CPU
		{A4981D8D-DEBF-4B34-B9CE-FF25520A02B7}.Release|Any CPU.ActiveCfg = Release|Any CPU
		{A4981D8D-DEBF-4B34-B9CE-FF25520A02B7}.Release|Any CPU.Build.0 = Release|Any CPU
	EndGlobalSection
	GlobalSection(SolutionProperties) = preSolution
		HideSolutionNode = FALSE
	EndGlobalSection
	GlobalSection(ExtensibilityGlobals) = postSolution
		SolutionGuid = {E4675D7C-DA3B-4B65-AE12-472B4CEDAAA0}
	EndGlobalSection
EndGlobal
